// !$*UTF8*$!
{
	archiveVersion = 1;
	classes = {
	};
	objectVersion = 55;
	objects = {

/* Begin PBXBuildFile section */
		2A14266428056A2200D79E65 /* MemesCollectionViewController.swift in Sources */ = {isa = PBXBuildFile; fileRef = 2A14266328056A2200D79E65 /* MemesCollectionViewController.swift */; };
		2A73DAB9280E6EEA00C328C8 /* MemesTableViewController.swift in Sources */ = {isa = PBXBuildFile; fileRef = 2A73DAB8280E6EEA00C328C8 /* MemesTableViewController.swift */; };
		2A73DABD280E71A500C328C8 /* MemeCollectionViewCell.swift in Sources */ = {isa = PBXBuildFile; fileRef = 2A73DABC280E71A500C328C8 /* MemeCollectionViewCell.swift */; };
		2A73DABF280E71F800C328C8 /* MemeDetailViewController.swift in Sources */ = {isa = PBXBuildFile; fileRef = 2A73DABE280E71F800C328C8 /* MemeDetailViewController.swift */; };
		2A8D09B32804158C00B2E87E /* Meme.swift in Sources */ = {isa = PBXBuildFile; fileRef = 2A8D09B22804158C00B2E87E /* Meme.swift */; };
		2AA2B6B127FEE7FC00CA76A1 /* AppDelegate.swift in Sources */ = {isa = PBXBuildFile; fileRef = 2AA2B6B027FEE7FC00CA76A1 /* AppDelegate.swift */; };
		2AA2B6B327FEE7FC00CA76A1 /* SceneDelegate.swift in Sources */ = {isa = PBXBuildFile; fileRef = 2AA2B6B227FEE7FC00CA76A1 /* SceneDelegate.swift */; };
		2AA2B6B527FEE7FC00CA76A1 /* MemeEditorViewController.swift in Sources */ = {isa = PBXBuildFile; fileRef = 2AA2B6B427FEE7FC00CA76A1 /* MemeEditorViewController.swift */; };
		2AA2B6B827FEE7FC00CA76A1 /* Main.storyboard in Resources */ = {isa = PBXBuildFile; fileRef = 2AA2B6B627FEE7FC00CA76A1 /* Main.storyboard */; };
		2AA2B6BA27FEE7FF00CA76A1 /* Assets.xcassets in Resources */ = {isa = PBXBuildFile; fileRef = 2AA2B6B927FEE7FF00CA76A1 /* Assets.xcassets */; };
		2AA2B6BD27FEE7FF00CA76A1 /* LaunchScreen.storyboard in Resources */ = {isa = PBXBuildFile; fileRef = 2AA2B6BB27FEE7FF00CA76A1 /* LaunchScreen.storyboard */; };
/* End PBXBuildFile section */

/* Begin PBXFileReference section */
		2A14266328056A2200D79E65 /* MemesCollectionViewController.swift */ = {isa = PBXFileReference; lastKnownFileType = sourcecode.swift; path = MemesCollectionViewController.swift; sourceTree = "<group>"; };
		2A73DAB8280E6EEA00C328C8 /* MemesTableViewController.swift */ = {isa = PBXFileReference; lastKnownFileType = sourcecode.swift; path = MemesTableViewController.swift; sourceTree = "<group>"; };
		2A73DABC280E71A500C328C8 /* MemeCollectionViewCell.swift */ = {isa = PBXFileReference; lastKnownFileType = sourcecode.swift; path = MemeCollectionViewCell.swift; sourceTree = "<group>"; };
		2A73DABE280E71F800C328C8 /* MemeDetailViewController.swift */ = {isa = PBXFileReference; lastKnownFileType = sourcecode.swift; path = MemeDetailViewController.swift; sourceTree = "<group>"; };
		2A8D09B22804158C00B2E87E /* Meme.swift */ = {isa = PBXFileReference; lastKnownFileType = sourcecode.swift; path = Meme.swift; sourceTree = "<group>"; };
		2AA2B6AD27FEE7FC00CA76A1 /* Meme Apps.app */ = {isa = PBXFileReference; explicitFileType = wrapper.application; includeInIndex = 0; path = "Meme Apps.app"; sourceTree = BUILT_PRODUCTS_DIR; };
		2AA2B6B027FEE7FC00CA76A1 /* AppDelegate.swift */ = {isa = PBXFileReference; lastKnownFileType = sourcecode.swift; path = AppDelegate.swift; sourceTree = "<group>"; };
		2AA2B6B227FEE7FC00CA76A1 /* SceneDelegate.swift */ = {isa = PBXFileReference; lastKnownFileType = sourcecode.swift; path = SceneDelegate.swift; sourceTree = "<group>"; };
		2AA2B6B427FEE7FC00CA76A1 /* MemeEditorViewController.swift */ = {isa = PBXFileReference; lastKnownFileType = sourcecode.swift; path = MemeEditorViewController.swift; sourceTree = "<group>"; };
		2AA2B6B727FEE7FC00CA76A1 /* Base */ = {isa = PBXFileReference; lastKnownFileType = file.storyboard; name = Base; path = Base.lproj/Main.storyboard; sourceTree = "<group>"; };
		2AA2B6B927FEE7FF00CA76A1 /* Assets.xcassets */ = {isa = PBXFileReference; lastKnownFileType = folder.assetcatalog; path = Assets.xcassets; sourceTree = "<group>"; };
		2AA2B6BC27FEE7FF00CA76A1 /* Base */ = {isa = PBXFileReference; lastKnownFileType = file.storyboard; name = Base; path = Base.lproj/LaunchScreen.storyboard; sourceTree = "<group>"; };
		2AA2B6BE27FEE7FF00CA76A1 /* Info.plist */ = {isa = PBXFileReference; lastKnownFileType = text.plist.xml; path = Info.plist; sourceTree = "<group>"; };
/* End PBXFileReference section */

/* Begin PBXFrameworksBuildPhase section */
		2AA2B6AA27FEE7FC00CA76A1 /* Frameworks */ = {
			isa = PBXFrameworksBuildPhase;
			buildActionMask = 2147483647;
			files = (
			);
			runOnlyForDeploymentPostprocessing = 0;
		};
/* End PBXFrameworksBuildPhase section */

/* Begin PBXGroup section */
		2A14266528056A2F00D79E65 /* Model */ = {
			isa = PBXGroup;
			children = (
				2A8D09B22804158C00B2E87E /* Meme.swift */,
			);
			path = Model;
			sourceTree = "<group>";
		};
		2A14266628056A3500D79E65 /* View */ = {
			isa = PBXGroup;
			children = (
				2A73DAC3280E776400C328C8 /* Collection */,
				2A73DAC5280E778200C328C8 /* Detail */,
				2A73DAC4280E777D00C328C8 /* Editor */,
				2A73DAC2280E776000C328C8 /* List */,
				2AA2B6B627FEE7FC00CA76A1 /* Main.storyboard */,
			);
			path = View;
			sourceTree = "<group>";
		};
		2A14266728056A4B00D79E65 /* App */ = {
			isa = PBXGroup;
			children = (
				2AA2B6B027FEE7FC00CA76A1 /* AppDelegate.swift */,
				2AA2B6B227FEE7FC00CA76A1 /* SceneDelegate.swift */,
			);
			path = App;
			sourceTree = "<group>";
		};
		2A73DAC2280E776000C328C8 /* List */ = {
			isa = PBXGroup;
			children = (
				2A73DAB8280E6EEA00C328C8 /* MemesTableViewController.swift */,
			);
			path = List;
			sourceTree = "<group>";
		};
		2A73DAC3280E776400C328C8 /* Collection */ = {
			isa = PBXGroup;
			children = (
				2A73DABC280E71A500C328C8 /* MemeCollectionViewCell.swift */,
				2A14266328056A2200D79E65 /* MemesCollectionViewController.swift */,
			);
			path = Collection;
			sourceTree = "<group>";
		};
		2A73DAC4280E777D00C328C8 /* Editor */ = {
			isa = PBXGroup;
			children = (
				2AA2B6B427FEE7FC00CA76A1 /* MemeEditorViewController.swift */,
			);
			path = Editor;
			sourceTree = "<group>";
		};
		2A73DAC5280E778200C328C8 /* Detail */ = {
			isa = PBXGroup;
			children = (
				2A73DABE280E71F800C328C8 /* MemeDetailViewController.swift */,
			);
			path = Detail;
			sourceTree = "<group>";
		};
		2A9F82B828043A7500D76BA5 /* Supporting Files */ = {
			isa = PBXGroup;
			children = (
				2AA2B6B927FEE7FF00CA76A1 /* Assets.xcassets */,
				2AA2B6BB27FEE7FF00CA76A1 /* LaunchScreen.storyboard */,
				2AA2B6BE27FEE7FF00CA76A1 /* Info.plist */,
			);
			path = "Supporting Files";
			sourceTree = "<group>";
		};
		2AA2B6A427FEE7FC00CA76A1 = {
			isa = PBXGroup;
			children = (
				2AA2B6AF27FEE7FC00CA76A1 /* Meme Apps */,
				2AA2B6AE27FEE7FC00CA76A1 /* Products */,
			);
			sourceTree = "<group>";
		};
		2AA2B6AE27FEE7FC00CA76A1 /* Products */ = {
			isa = PBXGroup;
			children = (
				2AA2B6AD27FEE7FC00CA76A1 /* Meme Apps.app */,
			);
			name = Products;
			sourceTree = "<group>";
		};
		2AA2B6AF27FEE7FC00CA76A1 /* Meme Apps */ = {
			isa = PBXGroup;
			children = (
				2A14266728056A4B00D79E65 /* App */,
				2A14266628056A3500D79E65 /* View */,
				2A14266528056A2F00D79E65 /* Model */,
				2A9F82B828043A7500D76BA5 /* Supporting Files */,
			);
			path = "Meme Apps";
			sourceTree = "<group>";
		};
/* End PBXGroup section */

/* Begin PBXNativeTarget section */
		2AA2B6AC27FEE7FC00CA76A1 /* Meme Apps */ = {
			isa = PBXNativeTarget;
			buildConfigurationList = 2AA2B6C127FEE7FF00CA76A1 /* Build configuration list for PBXNativeTarget "Meme Apps" */;
			buildPhases = (
				2AA2B6A927FEE7FC00CA76A1 /* Sources */,
				2AA2B6AA27FEE7FC00CA76A1 /* Frameworks */,
				2AA2B6AB27FEE7FC00CA76A1 /* Resources */,
				2A8D09B12803F51B00B2E87E /* ShellScript */,
			);
			buildRules = (
			);
			dependencies = (
			);
			name = "Meme Apps";
			productName = "Meme Apps";
			productReference = 2AA2B6AD27FEE7FC00CA76A1 /* Meme Apps.app */;
			productType = "com.apple.product-type.application";
		};
/* End PBXNativeTarget section */

/* Begin PBXProject section */
		2AA2B6A527FEE7FC00CA76A1 /* Project object */ = {
			isa = PBXProject;
			attributes = {
				BuildIndependentTargetsInParallel = 1;
				LastSwiftUpdateCheck = 1330;
				LastUpgradeCheck = 1330;
				TargetAttributes = {
					2AA2B6AC27FEE7FC00CA76A1 = {
						CreatedOnToolsVersion = 13.3;
					};
				};
			};
			buildConfigurationList = 2AA2B6A827FEE7FC00CA76A1 /* Build configuration list for PBXProject "Meme Apps" */;
			compatibilityVersion = "Xcode 13.0";
			developmentRegion = en;
			hasScannedForEncodings = 0;
			knownRegions = (
				en,
				Base,
			);
			mainGroup = 2AA2B6A427FEE7FC00CA76A1;
			productRefGroup = 2AA2B6AE27FEE7FC00CA76A1 /* Products */;
			projectDirPath = "";
			projectRoot = "";
			targets = (
				2AA2B6AC27FEE7FC00CA76A1 /* Meme Apps */,
			);
		};
/* End PBXProject section */

/* Begin PBXResourcesBuildPhase section */
		2AA2B6AB27FEE7FC00CA76A1 /* Resources */ = {
			isa = PBXResourcesBuildPhase;
			buildActionMask = 2147483647;
			files = (
				2AA2B6BD27FEE7FF00CA76A1 /* LaunchScreen.storyboard in Resources */,
				2AA2B6BA27FEE7FF00CA76A1 /* Assets.xcassets in Resources */,
				2AA2B6B827FEE7FC00CA76A1 /* Main.storyboard in Resources */,
			);
			runOnlyForDeploymentPostprocessing = 0;
		};
/* End PBXResourcesBuildPhase section */

/* Begin PBXShellScriptBuildPhase section */
		2A8D09B12803F51B00B2E87E /* ShellScript */ = {
			isa = PBXShellScriptBuildPhase;
			buildActionMask = 2147483647;
			files = (
			);
			inputFileListPaths = (
			);
			inputPaths = (
			);
			outputFileListPaths = (
			);
			outputPaths = (
			);
			runOnlyForDeploymentPostprocessing = 0;
			shellPath = /bin/sh;
			shellScript = "export PATH=\"$PATH:/opt/homebrew/bin\"\nif which swiftlint > /dev/null; then\n  swiftlint\nelse\n  echo \"warning: SwiftLint not installed, download from https://github.com/realm/SwiftLint\"\nfi\n";
		};
/* End PBXShellScriptBuildPhase section */

/* Begin PBXSourcesBuildPhase section */
		2AA2B6A927FEE7FC00CA76A1 /* Sources */ = {
			isa = PBXSourcesBuildPhase;
			buildActionMask = 2147483647;
			files = (
				2A73DABF280E71F800C328C8 /* MemeDetailViewController.swift in Sources */,
				2A73DABD280E71A500C328C8 /* MemeCollectionViewCell.swift in Sources */,
				2AA2B6B527FEE7FC00CA76A1 /* MemeEditorViewController.swift in Sources */,
				2A73DAB9280E6EEA00C328C8 /* MemesTableViewController.swift in Sources */,
				2A8D09B32804158C00B2E87E /* Meme.swift in Sources */,
				2A14266428056A2200D79E65 /* MemesCollectionViewController.swift in Sources */,
				2AA2B6B127FEE7FC00CA76A1 /* AppDelegate.swift in Sources */,
				2AA2B6B327FEE7FC00CA76A1 /* SceneDelegate.swift in Sources */,
			);
			runOnlyForDeploymentPostprocessing = 0;
		};
/* End PBXSourcesBuildPhase section */

/* Begin PBXVariantGroup section */
		2AA2B6B627FEE7FC00CA76A1 /* Main.storyboard */ = {
			isa = PBXVariantGroup;
			children = (
				2AA2B6B727FEE7FC00CA76A1 /* Base */,
			);
			name = Main.storyboard;
			sourceTree = "<group>";
		};
		2AA2B6BB27FEE7FF00CA76A1 /* LaunchScreen.storyboard */ = {
			isa = PBXVariantGroup;
			children = (
				2AA2B6BC27FEE7FF00CA76A1 /* Base */,
			);
			name = LaunchScreen.storyboard;
			sourceTree = "<group>";
		};
/* End PBXVariantGroup section */

/* Begin XCBuildConfiguration section */
		2AA2B6BF27FEE7FF00CA76A1 /* Debug */ = {
			isa = XCBuildConfiguration;
			buildSettings = {
				ALWAYS_SEARCH_USER_PATHS = NO;
				CLANG_ANALYZER_NONNULL = YES;
				CLANG_ANALYZER_NUMBER_OBJECT_CONVERSION = YES_AGGRESSIVE;
				CLANG_CXX_LANGUAGE_STANDARD = "gnu++17";
				CLANG_ENABLE_MODULES = YES;
				CLANG_ENABLE_OBJC_ARC = YES;
				CLANG_ENABLE_OBJC_WEAK = YES;
				CLANG_WARN_BLOCK_CAPTURE_AUTORELEASING = YES;
				CLANG_WARN_BOOL_CONVERSION = YES;
				CLANG_WARN_COMMA = YES;
				CLANG_WARN_CONSTANT_CONVERSION = YES;
				CLANG_WARN_DEPRECATED_OBJC_IMPLEMENTATIONS = YES;
				CLANG_WARN_DIRECT_OBJC_ISA_USAGE = YES_ERROR;
				CLANG_WARN_DOCUMENTATION_COMMENTS = YES;
				CLANG_WARN_EMPTY_BODY = YES;
				CLANG_WARN_ENUM_CONVERSION = YES;
				CLANG_WARN_INFINITE_RECURSION = YES;
				CLANG_WARN_INT_CONVERSION = YES;
				CLANG_WARN_NON_LITERAL_NULL_CONVERSION = YES;
				CLANG_WARN_OBJC_IMPLICIT_RETAIN_SELF = YES;
				CLANG_WARN_OBJC_LITERAL_CONVERSION = YES;
				CLANG_WARN_OBJC_ROOT_CLASS = YES_ERROR;
				CLANG_WARN_QUOTED_INCLUDE_IN_FRAMEWORK_HEADER = YES;
				CLANG_WARN_RANGE_LOOP_ANALYSIS = YES;
				CLANG_WARN_STRICT_PROTOTYPES = YES;
				CLANG_WARN_SUSPICIOUS_MOVE = YES;
				CLANG_WARN_UNGUARDED_AVAILABILITY = YES_AGGRESSIVE;
				CLANG_WARN_UNREACHABLE_CODE = YES;
				CLANG_WARN__DUPLICATE_METHOD_MATCH = YES;
				COPY_PHASE_STRIP = NO;
				DEBUG_INFORMATION_FORMAT = dwarf;
				ENABLE_STRICT_OBJC_MSGSEND = YES;
				ENABLE_TESTABILITY = YES;
				GCC_C_LANGUAGE_STANDARD = gnu11;
				GCC_DYNAMIC_NO_PIC = NO;
				GCC_NO_COMMON_BLOCKS = YES;
				GCC_OPTIMIZATION_LEVEL = 0;
				GCC_PREPROCESSOR_DEFINITIONS = (
					"DEBUG=1",
					"$(inherited)",
				);
				GCC_WARN_64_TO_32_BIT_CONVERSION = YES;
				GCC_WARN_ABOUT_RETURN_TYPE = YES_ERROR;
				GCC_WARN_UNDECLARED_SELECTOR = YES;
				GCC_WARN_UNINITIALIZED_AUTOS = YES_AGGRESSIVE;
				GCC_WARN_UNUSED_FUNCTION = YES;
				GCC_WARN_UNUSED_VARIABLE = YES;
				IPHONEOS_DEPLOYMENT_TARGET = 15.4;
				MTL_ENABLE_DEBUG_INFO = INCLUDE_SOURCE;
				MTL_FAST_MATH = YES;
				ONLY_ACTIVE_ARCH = YES;
				SDKROOT = iphoneos;
				SWIFT_ACTIVE_COMPILATION_CONDITIONS = DEBUG;
				SWIFT_OPTIMIZATION_LEVEL = "-Onone";
			};
			name = Debug;
		};
		2AA2B6C027FEE7FF00CA76A1 /* Release */ = {
			isa = XCBuildConfiguration;
			buildSettings = {
				ALWAYS_SEARCH_USER_PATHS = NO;
				CLANG_ANALYZER_NONNULL = YES;
				CLANG_ANALYZER_NUMBER_OBJECT_CONVERSION = YES_AGGRESSIVE;
				CLANG_CXX_LANGUAGE_STANDARD = "gnu++17";
				CLANG_ENABLE_MODULES = YES;
				CLANG_ENABLE_OBJC_ARC = YES;
				CLANG_ENABLE_OBJC_WEAK = YES;
				CLANG_WARN_BLOCK_CAPTURE_AUTORELEASING = YES;
				CLANG_WARN_BOOL_CONVERSION = YES;
				CLANG_WARN_COMMA = YES;
				CLANG_WARN_CONSTANT_CONVERSION = YES;
				CLANG_WARN_DEPRECATED_OBJC_IMPLEMENTATIONS = YES;
				CLANG_WARN_DIRECT_OBJC_ISA_USAGE = YES_ERROR;
				CLANG_WARN_DOCUMENTATION_COMMENTS = YES;
				CLANG_WARN_EMPTY_BODY = YES;
				CLANG_WARN_ENUM_CONVERSION = YES;
				CLANG_WARN_INFINITE_RECURSION = YES;
				CLANG_WARN_INT_CONVERSION = YES;
				CLANG_WARN_NON_LITERAL_NULL_CONVERSION = YES;
				CLANG_WARN_OBJC_IMPLICIT_RETAIN_SELF = YES;
				CLANG_WARN_OBJC_LITERAL_CONVERSION = YES;
				CLANG_WARN_OBJC_ROOT_CLASS = YES_ERROR;
				CLANG_WARN_QUOTED_INCLUDE_IN_FRAMEWORK_HEADER = YES;
				CLANG_WARN_RANGE_LOOP_ANALYSIS = YES;
				CLANG_WARN_STRICT_PROTOTYPES = YES;
				CLANG_WARN_SUSPICIOUS_MOVE = YES;
				CLANG_WARN_UNGUARDED_AVAILABILITY = YES_AGGRESSIVE;
				CLANG_WARN_UNREACHABLE_CODE = YES;
				CLANG_WARN__DUPLICATE_METHOD_MATCH = YES;
				COPY_PHASE_STRIP = NO;
				DEBUG_INFORMATION_FORMAT = "dwarf-with-dsym";
				ENABLE_NS_ASSERTIONS = NO;
				ENABLE_STRICT_OBJC_MSGSEND = YES;
				GCC_C_LANGUAGE_STANDARD = gnu11;
				GCC_NO_COMMON_BLOCKS = YES;
				GCC_WARN_64_TO_32_BIT_CONVERSION = YES;
				GCC_WARN_ABOUT_RETURN_TYPE = YES_ERROR;
				GCC_WARN_UNDECLARED_SELECTOR = YES;
				GCC_WARN_UNINITIALIZED_AUTOS = YES_AGGRESSIVE;
				GCC_WARN_UNUSED_FUNCTION = YES;
				GCC_WARN_UNUSED_VARIABLE = YES;
				IPHONEOS_DEPLOYMENT_TARGET = 15.4;
				MTL_ENABLE_DEBUG_INFO = NO;
				MTL_FAST_MATH = YES;
				SDKROOT = iphoneos;
				SWIFT_COMPILATION_MODE = wholemodule;
				SWIFT_OPTIMIZATION_LEVEL = "-O";
				VALIDATE_PRODUCT = YES;
			};
			name = Release;
		};
		2AA2B6C227FEE7FF00CA76A1 /* Debug */ = {
			isa = XCBuildConfiguration;
			buildSettings = {
				ASSETCATALOG_COMPILER_APPICON_NAME = AppIcon;
				ASSETCATALOG_COMPILER_GLOBAL_ACCENT_COLOR_NAME = AccentColor;
				CODE_SIGN_STYLE = Automatic;
				CURRENT_PROJECT_VERSION = 1;
				DEVELOPMENT_TEAM = 3KJD3K6NRB;
				GENERATE_INFOPLIST_FILE = YES;
				INFOPLIST_FILE = "Meme Apps/Supporting Files/Info.plist";
				INFOPLIST_KEY_UIApplicationSupportsIndirectInputEvents = YES;
				INFOPLIST_KEY_UILaunchStoryboardName = LaunchScreen;
				INFOPLIST_KEY_UIMainStoryboardFile = Main;
				INFOPLIST_KEY_UISupportedInterfaceOrientations_iPad = "UIInterfaceOrientationPortrait UIInterfaceOrientationPortraitUpsideDown UIInterfaceOrientationLandscapeLeft UIInterfaceOrientationLandscapeRight";
				INFOPLIST_KEY_UISupportedInterfaceOrientations_iPhone = "UIInterfaceOrientationPortrait UIInterfaceOrientationLandscapeLeft UIInterfaceOrientationLandscapeRight";
				LD_RUNPATH_SEARCH_PATHS = (
					"$(inherited)",
					"@executable_path/Frameworks",
				);
				MARKETING_VERSION = 1.0;
				PRODUCT_BUNDLE_IDENTIFIER = "com.dicoding.academy.Meme-Apps";
				PRODUCT_NAME = "$(TARGET_NAME)";
				SWIFT_EMIT_LOC_STRINGS = YES;
				SWIFT_VERSION = 5.0;
				TARGETED_DEVICE_FAMILY = "1,2";
			};
			name = Debug;
		};
		2AA2B6C327FEE7FF00CA76A1 /* Release */ = {
			isa = XCBuildConfiguration;
			buildSettings = {
				ASSETCATALOG_COMPILER_APPICON_NAME = AppIcon;
				ASSETCATALOG_COMPILER_GLOBAL_ACCENT_COLOR_NAME = AccentColor;
				CODE_SIGN_STYLE = Automatic;
				CURRENT_PROJECT_VERSION = 1;
				DEVELOPMENT_TEAM = 3KJD3K6NRB;
				GENERATE_INFOPLIST_FILE = YES;
				INFOPLIST_FILE = "Meme Apps/Supporting Files/Info.plist";
				INFOPLIST_KEY_UIApplicationSupportsIndirectInputEvents = YES;
				INFOPLIST_KEY_UILaunchStoryboardName = LaunchScreen;
				INFOPLIST_KEY_UIMainStoryboardFile = Main;
				INFOPLIST_KEY_UISupportedInterfaceOrientations_iPad = "UIInterfaceOrientationPortrait UIInterfaceOrientationPortraitUpsideDown UIInterfaceOrientationLandscapeLeft UIInterfaceOrientationLandscapeRight";
				INFOPLIST_KEY_UISupportedInterfaceOrientations_iPhone = "UIInterfaceOrientationPortrait UIInterfaceOrientationLandscapeLeft UIInterfaceOrientationLandscapeRight";
				LD_RUNPATH_SEARCH_PATHS = (
					"$(inherited)",
					"@executable_path/Frameworks",
				);
				MARKETING_VERSION = 1.0;
				PRODUCT_BUNDLE_IDENTIFIER = "com.dicoding.academy.Meme-Apps";
				PRODUCT_NAME = "$(TARGET_NAME)";
				SWIFT_EMIT_LOC_STRINGS = YES;
				SWIFT_VERSION = 5.0;
				TARGETED_DEVICE_FAMILY = "1,2";
			};
			name = Release;
		};
/* End XCBuildConfiguration section */

/* Begin XCConfigurationList section */
		2AA2B6A827FEE7FC00CA76A1 /* Build configuration list for PBXProject "Meme Apps" */ = {
			isa = XCConfigurationList;
			buildConfigurations = (
				2AA2B6BF27FEE7FF00CA76A1 /* Debug */,
				2AA2B6C027FEE7FF00CA76A1 /* Release */,
			);
			defaultConfigurationIsVisible = 0;
			defaultConfigurationName = Release;
		};
		2AA2B6C127FEE7FF00CA76A1 /* Build configuration list for PBXNativeTarget "Meme Apps" */ = {
			isa = XCConfigurationList;
			buildConfigurations = (
				2AA2B6C227FEE7FF00CA76A1 /* Debug */,
				2AA2B6C327FEE7FF00CA76A1 /* Release */,
			);
			defaultConfigurationIsVisible = 0;
			defaultConfigurationName = Release;
		};
/* End XCConfigurationList section */
	};
	rootObject = 2AA2B6A527FEE7FC00CA76A1 /* Project object */;
}
